---
label: Block - 1 Column
hide_body: false
is_partial: true
fields:
- type: textarea
  config:
    wysiwyg: true
    schema:
      format: markdown
  label: Block Content
  name: block_content
- type: include
  name: text_color
  label: Text Color (optional)
  template: field-colors
- type: include
  name: background_color
  label: Background Color (optional)
  template: field-colors
- type: file
  name: background_image
  label: Background Image (optional)
